
Microsoft Visual Studio Solution File, Format Version 12.00
# Visual Studio 15
VisualStudioVersion = 15.0.28010.2016
MinimumVisualStudioVersion = 10.0.40219.1
Project("{FAE04EC0-301F-11D3-BF4B-00C04F79EFBC}") = "ComplexNumbers", "ComplexNumbers\ComplexNumbers.csproj", "{45ACD18E-32DB-4DB5-BFE1-09FD808833EB}"
EndProject
Global
	GlobalSection(SolutionConfigurationPlatforms) = preSolution
		Debug|Any CPU = Debug|Any CPU
		Release|Any CPU = Release|Any CPU
	EndGlobalSection
	GlobalSection(ProjectConfigurationPlatforms) = postSolution
		{45ACD18E-32DB-4DB5-BFE1-09FD808833EB}.Debug|Any CPU.ActiveCfg = Debug|Any CPU
		{45ACD18E-32DB-4DB5-BFE1-09FD808833EB}.Debug|Any CPU.Build.0 = Debug|Any CPU
		{45ACD18E-32DB-4DB5-BFE1-09FD808833EB}.Release|Any CPU.ActiveCfg = Release|Any CPU
		{45ACD18E-32DB-4DB5-BFE1-09FD808833EB}.Release|Any CPU.Build.0 = Release|Any CPU
	EndGlobalSection
	GlobalSection(SolutionProperties) = preSolution
		HideSolutionNode = FALSE
	EndGlobalSection
	GlobalSection(ExtensibilityGlobals) = postSolution
		SolutionGuid = {D3D17BBE-4F51-4B21-8D89-A2F211309FF1}
	EndGlobalSection
EndGlobal
